# This file is autogenerated, do not edit; changes may be undone by the next 'dep ensure'.


[[projects]]
  branch = "master"
  digest = "1:37e7d147e1ff52e3e305a39ba486f96fdf01ad53382ef7852c321b84838ec8b2"
  name = "github.com/percona/go-mysql"
  packages = [
    "event",
    "log",
    "log/slow",
    "query",
  ]
  pruneopts = "UT"
  revision = "fcc02662957597587e907ae09d5f61957de9cee9"

[solve-meta]
  analyzer-name = "dep"
  analyzer-version = 1
  input-imports = [
    "github.com/percona/go-mysql/event",
    "github.com/percona/go-mysql/log",
    "github.com/percona/go-mysql/log/slow",
    "github.com/percona/go-mysql/query",
  ]
  solver-name = "gps-cdcl"
  solver-version = 1
