# This file is autogenerated, do not edit; changes may be undone by the next 'dep ensure'.


[[projects]]
  branch = "master"
  name = "github.com/percona/go-mysql"
  packages = [
    "event",
    "log",
    "log/slow",
    "query"
  ]
  revision = "fcc02662957597587e907ae09d5f61957de9cee9"

[solve-meta]
  analyzer-name = "dep"
  analyzer-version = 1
  inputs-digest = "afde386ad63fdda80a037612740014371a53cd75c0c3c70b3cd45f9664729cc1"
  solver-name = "gps-cdcl"
  solver-version = 1
